
Microsoft Visual Studio Solution File, Format Version 12.00
# Visual Studio Version 16
VisualStudioVersion = 16.0.30204.135
MinimumVisualStudioVersion = 10.0.40219.1
Project("{FAE04EC0-301F-11D3-BF4B-00C04F79EFBC}") = "Jakob", "Jakob\Jakob.csproj", "{08A9BE47-6AC9-4CEB-995F-0D4B44C47FE6}"
EndProject
Global
	GlobalSection(SolutionConfigurationPlatforms) = preSolution
		Debug|Any CPU = Debug|Any CPU
		Release|Any CPU = Release|Any CPU
	EndGlobalSection
	GlobalSection(ProjectConfigurationPlatforms) = postSolution
		{08A9BE47-6AC9-4CEB-995F-0D4B44C47FE6}.Debug|Any CPU.ActiveCfg = Debug|Any CPU
		{08A9BE47-6AC9-4CEB-995F-0D4B44C47FE6}.Debug|Any CPU.Build.0 = Debug|Any CPU
		{08A9BE47-6AC9-4CEB-995F-0D4B44C47FE6}.Release|Any CPU.ActiveCfg = Release|Any CPU
		{08A9BE47-6AC9-4CEB-995F-0D4B44C47FE6}.Release|Any CPU.Build.0 = Release|Any CPU
	EndGlobalSection
	GlobalSection(SolutionProperties) = preSolution
		HideSolutionNode = FALSE
	EndGlobalSection
	GlobalSection(ExtensibilityGlobals) = postSolution
		SolutionGuid = {45A33283-E6B7-446A-8875-914210CFF94F}
	EndGlobalSection
EndGlobal
